{
  "version": 4,
  "terraform_version": "1.4.5",
  "serial": 52,
  "lineage": "98cf9fbd-b1ad-2d00-9e8a-bf627009f8fa",
  "outputs": {
    "app_id": {
      "value": "08ce628a-6da0-4cd0-a7b2-9832b2d64ed2",
      "type": "string"
    },
    "instrumentation_key": {
      "value": "1110dcb2-39df-4255-b5e4-36b6ef903abf",
      "type": "string",
      "sensitive": true
    }
  },
  "resources": [
    {
      "mode": "managed",
      "type": "azurerm_application_insights",
      "name": "example",
      "provider": "provider[\"registry.terraform.io/hashicorp/azurerm\"]",
      "instances": [
        {
          "schema_version": 1,
          "attributes": {
            "app_id": "08ce628a-6da0-4cd0-a7b2-9832b2d64ed2",
            "application_type": "web",
            "connection_string": "InstrumentationKey=1110dcb2-39df-4255-b5e4-36b6ef903abf;IngestionEndpoint=https://southeastasia-0.in.applicationinsights.azure.com/;LiveEndpoint=https://southeastasia.livediagnostics.monitor.azure.com/",
            "daily_data_cap_in_gb": 100,
            "daily_data_cap_notifications_disabled": false,
            "disable_ip_masking": false,
            "force_customer_storage_for_profiler": false,
            "id": "/subscriptions/29234baa-f441-4383-a04d-11cccf15be6d/resourceGroups/ea2-resources-group/providers/Microsoft.Insights/components/ea2-test-appinsights",
            "instrumentation_key": "1110dcb2-39df-4255-b5e4-36b6ef903abf",
            "internet_ingestion_enabled": true,
            "internet_query_enabled": true,
            "local_authentication_disabled": false,
            "location": "southeastasia",
            "name": "ea2-test-appinsights",
            "resource_group_name": "ea2-resources-group",
            "retention_in_days": 90,
            "sampling_percentage": 100,
            "tags": {},
            "timeouts": null,
            "workspace_id": ""
          },
          "sensitive_attributes": [],
          "private": "eyJlMmJmYjczMC1lY2FhLTExZTYtOGY4OC0zNDM2M2JjN2M0YzAiOnsiY3JlYXRlIjozNjAwMDAwMDAwMDAwLCJkZWxldGUiOjE4MDAwMDAwMDAwMDAsInJlYWQiOjMwMDAwMDAwMDAwMCwidXBkYXRlIjoxODAwMDAwMDAwMDAwfSwic2NoZW1hX3ZlcnNpb24iOiIxIn0=",
          "dependencies": [
            "azurerm_resource_group.example"
          ]
        }
      ]
    },
    {
      "mode": "managed",
      "type": "azurerm_network_security_group",
      "name": "example",
      "provider": "provider[\"registry.terraform.io/hashicorp/azurerm\"]",
      "instances": [
        {
          "schema_version": 0,
          "attributes": {
            "id": "/subscriptions/29234baa-f441-4383-a04d-11cccf15be6d/resourceGroups/ea2-resources-group/providers/Microsoft.Network/networkSecurityGroups/ea2-security-group1",
            "location": "southeastasia",
            "name": "ea2-security-group1",
            "resource_group_name": "ea2-resources-group",
            "security_rule": [
              {
                "access": "Allow",
                "description": "",
                "destination_address_prefix": "*",
                "destination_address_prefixes": [],
                "destination_application_security_group_ids": [],
                "destination_port_range": "*",
                "destination_port_ranges": [],
                "direction": "Inbound",
                "name": "AllowAnyHTTPInbound",
                "priority": 100,
                "protocol": "Tcp",
                "source_address_prefix": "*",
                "source_address_prefixes": [],
                "source_application_security_group_ids": [],
                "source_port_range": "80",
                "source_port_ranges": []
              }
            ],
            "tags": {
              "ea2": "Demo"
            },
            "timeouts": null
          },
          "sensitive_attributes": [],
          "private": "eyJlMmJmYjczMC1lY2FhLTExZTYtOGY4OC0zNDM2M2JjN2M0YzAiOnsiY3JlYXRlIjoxODAwMDAwMDAwMDAwLCJkZWxldGUiOjE4MDAwMDAwMDAwMDAsInJlYWQiOjMwMDAwMDAwMDAwMCwidXBkYXRlIjoxODAwMDAwMDAwMDAwfX0=",
          "dependencies": [
            "azurerm_resource_group.example"
          ]
        }
      ]
    },
    {
      "mode": "managed",
      "type": "azurerm_resource_group",
      "name": "example",
      "provider": "provider[\"registry.terraform.io/hashicorp/azurerm\"]",
      "instances": [
        {
          "schema_version": 0,
          "attributes": {
            "id": "/subscriptions/29234baa-f441-4383-a04d-11cccf15be6d/resourceGroups/ea2-resources-group",
            "location": "southeastasia",
            "name": "ea2-resources-group",
            "tags": {},
            "timeouts": null
          },
          "sensitive_attributes": [],
          "private": "eyJlMmJmYjczMC1lY2FhLTExZTYtOGY4OC0zNDM2M2JjN2M0YzAiOnsiY3JlYXRlIjo1NDAwMDAwMDAwMDAwLCJkZWxldGUiOjU0MDAwMDAwMDAwMDAsInJlYWQiOjMwMDAwMDAwMDAwMCwidXBkYXRlIjo1NDAwMDAwMDAwMDAwfX0="
        }
      ]
    },
    {
      "mode": "managed",
      "type": "azurerm_virtual_network",
      "name": "example",
      "provider": "provider[\"registry.terraform.io/hashicorp/azurerm\"]",
      "instances": [
        {
          "schema_version": 0,
          "attributes": {
            "address_space": [
              "10.0.0.0/16"
            ],
            "bgp_community": "",
            "ddos_protection_plan": [],
            "dns_servers": [
              "10.0.0.4",
              "10.0.0.5"
            ],
            "edge_zone": "",
            "flow_timeout_in_minutes": 0,
            "guid": "f45869a2-a4b1-4a26-977c-967330129bae",
            "id": "/subscriptions/29234baa-f441-4383-a04d-11cccf15be6d/resourceGroups/ea2-resources-group/providers/Microsoft.Network/virtualNetworks/ea2-network",
            "location": "southeastasia",
            "name": "ea2-network",
            "resource_group_name": "ea2-resources-group",
            "subnet": [
              {
                "address_prefix": "10.0.1.0/24",
                "id": "/subscriptions/29234baa-f441-4383-a04d-11cccf15be6d/resourceGroups/ea2-resources-group/providers/Microsoft.Network/virtualNetworks/ea2-network/subnets/private1",
                "name": "private1",
                "security_group": "/subscriptions/29234baa-f441-4383-a04d-11cccf15be6d/resourceGroups/ea2-resources-group/providers/Microsoft.Network/networkSecurityGroups/ea2-security-group1"
              },
              {
                "address_prefix": "10.0.2.0/24",
                "id": "/subscriptions/29234baa-f441-4383-a04d-11cccf15be6d/resourceGroups/ea2-resources-group/providers/Microsoft.Network/virtualNetworks/ea2-network/subnets/private2",
                "name": "private2",
                "security_group": "/subscriptions/29234baa-f441-4383-a04d-11cccf15be6d/resourceGroups/ea2-resources-group/providers/Microsoft.Network/networkSecurityGroups/ea2-security-group1"
              }
            ],
            "tags": null,
            "timeouts": null
          },
          "sensitive_attributes": [],
          "private": "eyJlMmJmYjczMC1lY2FhLTExZTYtOGY4OC0zNDM2M2JjN2M0YzAiOnsiY3JlYXRlIjoxODAwMDAwMDAwMDAwLCJkZWxldGUiOjE4MDAwMDAwMDAwMDAsInJlYWQiOjMwMDAwMDAwMDAwMCwidXBkYXRlIjoxODAwMDAwMDAwMDAwfX0=",
          "dependencies": [
            "azurerm_network_security_group.example",
            "azurerm_resource_group.example"
          ]
        }
      ]
    }
  ],
  "check_results": null
}
