{
  "version": 4,
  "terraform_version": "1.4.5",
  "serial": 9,
  "lineage": "f546dac2-0cd8-35a4-efcd-5746838bc58c",
  "outputs": {
    "kubernetes_cluster_host": {
      "value": "34.87.72.228",
      "type": "string"
    },
    "kubernetes_cluster_name": {
      "value": "wired-trees-364403-gke",
      "type": "string"
    },
    "project_id": {
      "value": "wired-trees-364403",
      "type": "string"
    },
    "region": {
      "value": "asia-southeast1",
      "type": "string"
    }
  },
  "resources": [
    {
      "mode": "managed",
      "type": "google_compute_network",
      "name": "vpc",
      "provider": "provider[\"registry.terraform.io/hashicorp/google\"]",
      "instances": [
        {
          "schema_version": 0,
          "attributes": {
            "auto_create_subnetworks": false,
            "delete_default_routes_on_create": false,
            "description": "",
            "enable_ula_internal_ipv6": false,
            "gateway_ipv4": "",
            "id": "projects/wired-trees-364403/global/networks/wired-trees-364403-vpc",
            "internal_ipv6_range": "",
            "mtu": 0,
            "name": "wired-trees-364403-vpc",
            "project": "wired-trees-364403",
            "routing_mode": "REGIONAL",
            "self_link": "https://www.googleapis.com/compute/v1/projects/wired-trees-364403/global/networks/wired-trees-364403-vpc",
            "timeouts": null
          },
          "sensitive_attributes": [],
          "private": "eyJlMmJmYjczMC1lY2FhLTExZTYtOGY4OC0zNDM2M2JjN2M0YzAiOnsiY3JlYXRlIjoxMjAwMDAwMDAwMDAwLCJkZWxldGUiOjEyMDAwMDAwMDAwMDAsInVwZGF0ZSI6MTIwMDAwMDAwMDAwMH19"
        }
      ]
    },
    {
      "mode": "managed",
      "type": "google_compute_subnetwork",
      "name": "subnet",
      "provider": "provider[\"registry.terraform.io/hashicorp/google\"]",
      "instances": [
        {
          "schema_version": 0,
          "attributes": {
            "creation_timestamp": "2023-04-19T08:20:24.586-07:00",
            "description": "",
            "external_ipv6_prefix": "",
            "fingerprint": null,
            "gateway_address": "10.10.0.1",
            "id": "projects/wired-trees-364403/regions/asia-southeast1/subnetworks/wired-trees-364403-subnet",
            "ip_cidr_range": "10.10.0.0/24",
            "ipv6_access_type": "",
            "ipv6_cidr_range": "",
            "log_config": [],
            "name": "wired-trees-364403-subnet",
            "network": "https://www.googleapis.com/compute/v1/projects/wired-trees-364403/global/networks/wired-trees-364403-vpc",
            "private_ip_google_access": false,
            "private_ipv6_google_access": "DISABLE_GOOGLE_ACCESS",
            "project": "wired-trees-364403",
            "purpose": "PRIVATE",
            "region": "asia-southeast1",
            "role": "",
            "secondary_ip_range": [],
            "self_link": "https://www.googleapis.com/compute/v1/projects/wired-trees-364403/regions/asia-southeast1/subnetworks/wired-trees-364403-subnet",
            "stack_type": "IPV4_ONLY",
            "timeouts": null
          },
          "sensitive_attributes": [],
          "private": "eyJlMmJmYjczMC1lY2FhLTExZTYtOGY4OC0zNDM2M2JjN2M0YzAiOnsiY3JlYXRlIjoxMjAwMDAwMDAwMDAwLCJkZWxldGUiOjEyMDAwMDAwMDAwMDAsInVwZGF0ZSI6MTIwMDAwMDAwMDAwMH19",
          "dependencies": [
            "google_compute_network.vpc"
          ]
        }
      ]
    },
    {
      "mode": "managed",
      "type": "google_container_cluster",
      "name": "primary",
      "provider": "provider[\"registry.terraform.io/hashicorp/google\"]",
      "instances": [
        {
          "schema_version": 1,
          "attributes": {
            "addons_config": [
              {
                "cloudrun_config": [],
                "gcp_filestore_csi_driver_config": [],
                "horizontal_pod_autoscaling": [],
                "http_load_balancing": [],
                "network_policy_config": [
                  {
                    "disabled": true
                  }
                ]
              }
            ],
            "authenticator_groups_config": [],
            "cluster_autoscaling": [
              {
                "auto_provisioning_defaults": [],
                "enabled": false,
                "resource_limits": []
              }
            ],
            "cluster_ipv4_cidr": "10.20.0.0/14",
            "confidential_nodes": [],
            "database_encryption": [
              {
                "key_name": "",
                "state": "DECRYPTED"
              }
            ],
            "datapath_provider": "",
            "default_max_pods_per_node": null,
            "default_snat_status": [
              {
                "disabled": false
              }
            ],
            "description": "",
            "dns_config": [],
            "enable_autopilot": false,
            "enable_binary_authorization": false,
            "enable_intranode_visibility": false,
            "enable_kubernetes_alpha": false,
            "enable_legacy_abac": false,
            "enable_shielded_nodes": true,
            "enable_tpu": false,
            "endpoint": "34.87.72.228",
            "id": "projects/wired-trees-364403/locations/asia-southeast1/clusters/wired-trees-364403-gke",
            "initial_node_count": 1,
            "ip_allocation_policy": [],
            "label_fingerprint": "a9dc16a7",
            "location": "asia-southeast1",
            "logging_config": [
              {
                "enable_components": [
                  "SYSTEM_COMPONENTS",
                  "WORKLOADS"
                ]
              }
            ],
            "logging_service": "logging.googleapis.com/kubernetes",
            "maintenance_policy": [],
            "master_auth": [
              {
                "client_certificate": "",
                "client_certificate_config": [
                  {
                    "issue_client_certificate": false
                  }
                ],
                "client_key": "",
                "cluster_ca_certificate": "LS0tLS1CRUdJTiBDRVJUSUZJQ0FURS0tLS0tCk1JSUVMVENDQXBXZ0F3SUJBZ0lSQUxZdU9HK2h2TDdmd2UyaDQzVVEzbHN3RFFZSktvWklodmNOQVFFTEJRQXcKTHpFdE1Dc0dBMVVFQXhNa1l6VXhNelUxTkRndFpHWTJNQzAwTnpKaUxXSTNPR0l0TXpBek1tTTFZV0kzTWpZMwpNQ0FYRFRJek1EUXhPVEUwTWpBMU9Gb1lEekl3TlRNd05ERXhNVFV5TURVNFdqQXZNUzB3S3dZRFZRUURFeVJqCk5URXpOVFUwT0Mxa1pqWXdMVFEzTW1JdFlqYzRZaTB6TURNeVl6VmhZamN5Tmpjd2dnR2lNQTBHQ1NxR1NJYjMKRFFFQkFRVUFBNElCandBd2dnR0tBb0lCZ1FDMmlPb0h2ejZMMEF6N05URWpCV3hOa091b1JFWlM5YjU3UUxYTwpiUXMxMXp0OVJSOHltOGZyWlQxQktta0FtRnFZelhkNVV0RXoyaWZsbk1acEU0QlI4eVBDSWtKKytvR0UrZkUvClBDWG8yY1I3OFJtQlh3Um5oaDdhRldxWjV4WE9KYlhzZ3dxRUVSZVFIckN5VjRDcDRXQXMrSzNMc2ZNNlJYU0YKSkhvNWlZS2Fic3V6MXg4UUhvb2JYNEFYUFFuSzlkNWozYkhqTU1ybk5YVWJ1TVJnOEpHNHFTZHoxTU9JdWpaaAp4bUVWZTNBK2EwdDNCUTQ4TkcvdUEyRkdkY2RJQlRiMjZXcXJwemQwU1BualkzeWxCS25jVlVuOUlneG1DZ1dOCngxOEFDYXNqaG40SlNiMWtUc0RFc1A0YTJlRlJGS3hnM0RBK2dGU3RNV0tqVXZYVDNDTHlGWHJNY1N4dUxpUmMKUVJMYkpCTWU1UUtjem5wOU9yM1hYZ25nSk5SVmdodW1FaHMrcDNIUjlHY200a3Rab3MrbDQwVmhvU21STmtBYgpLcitjQm5hUENvZnBqY3luWUJXQkVqV0VkU20vcy9rL2Z3d3FBTzhVYUhQZzY0Mm1LY0xHL0N5TG9IYzFpVkJhCjZmbmR1ejJLaE1HSWtxd25SM0NJbXUxSVN3OENBd0VBQWFOQ01FQXdEZ1lEVlIwUEFRSC9CQVFEQWdJRU1BOEcKQTFVZEV3RUIvd1FGTUFNQkFmOHdIUVlEVlIwT0JCWUVGSDNWUWdsbVFDVy9laWlLT1Fsb1JDVUI3clVJTUEwRwpDU3FHU0liM0RRRUJDd1VBQTRJQmdRQWhOSzJGdFRZa3BlaXc1TGJkU2hIcXVnZ3dta0dIRThQcEJyQ2h4MCtNCjl3N0NNaUxwU2xWdi9CaDkwVUI4VElZR2llUmJuNXhTZUlUL3NzRit0cFRZR0tlTHlIWWovLzV2VzcyYUdLUWkKaGhpYzh2L1BsNkRlYnc1SmJOL0FHS0QrdVNZcGI3bG1OUVU3eisvcXRnQmp1VHNRTWpRMXNxNGNZL1JrUSt3QgpJNmd5TXFlY2dkUi9DMGRkWGZSbzNudFBFSVFuaFk4bGJPdzkwVkZsZXF3eWdFaWUrVnNReDVHd1RDa1VpYWVECkI3NnloTnBmOE40R3p5WDR1S2taMHlkWWZSMUh5SEIyeUdWdDlwYVJEOWdHUVhONm9FY1pRU3dmWktVLzhubUkKMENXMHBYSi9SSXZITmFVU0VDUGdmZ1ZJNHA1UG1CNnc0dm4zb0svQURnb0JJdm9CdW1GRW9hQVRVOUkxcGtmagpneDlpM3NwL0FLQW1BMm9aZHpRb3dKN0Y3eDYzQzcxcUFKdEhFTzdCWDRhck9GT2REVVJIeWoramcwS1NRaFdCCmxtYzNUWkZZUitmS3ZHM08xazQyZlBCUEpyY1JBUGJLd2JrUU5BWjZwblBGVy93eFVXUDJLK2JyZHlKclRIOW0KdnpyVWlSZU1RazBwYzMxbmFqQXBtWG89Ci0tLS0tRU5EIENFUlRJRklDQVRFLS0tLS0K"
              }
            ],
            "master_authorized_networks_config": [],
            "master_version": "1.24.10-gke.2300",
            "min_master_version": null,
            "monitoring_config": [
              {
                "enable_components": [
                  "SYSTEM_COMPONENTS"
                ]
              }
            ],
            "monitoring_service": "monitoring.googleapis.com/kubernetes",
            "name": "wired-trees-364403-gke",
            "network": "projects/wired-trees-364403/global/networks/wired-trees-364403-vpc",
            "network_policy": [
              {
                "enabled": false,
                "provider": "PROVIDER_UNSPECIFIED"
              }
            ],
            "networking_mode": "ROUTES",
            "node_config": [],
            "node_locations": [
              "asia-southeast1-a",
              "asia-southeast1-b",
              "asia-southeast1-c"
            ],
            "node_pool": [],
            "node_version": "1.24.10-gke.2300",
            "operation": null,
            "private_cluster_config": [
              {
                "enable_private_endpoint": false,
                "enable_private_nodes": false,
                "master_global_access_config": [
                  {
                    "enabled": false
                  }
                ],
                "master_ipv4_cidr_block": "",
                "peering_name": "",
                "private_endpoint": "10.10.0.2",
                "public_endpoint": "34.87.72.228"
              }
            ],
            "private_ipv6_google_access": "",
            "project": "wired-trees-364403",
            "release_channel": [
              {
                "channel": "REGULAR"
              }
            ],
            "remove_default_node_pool": true,
            "resource_labels": {},
            "resource_usage_export_config": [],
            "self_link": "https://container.googleapis.com/v1/projects/wired-trees-364403/locations/asia-southeast1/clusters/wired-trees-364403-gke",
            "services_ipv4_cidr": "10.23.240.0/20",
            "subnetwork": "projects/wired-trees-364403/regions/asia-southeast1/subnetworks/wired-trees-364403-subnet",
            "timeouts": null,
            "tpu_ipv4_cidr_block": "",
            "vertical_pod_autoscaling": [],
            "workload_identity_config": []
          },
          "sensitive_attributes": [],
          "private": "eyJlMmJmYjczMC1lY2FhLTExZTYtOGY4OC0zNDM2M2JjN2M0YzAiOnsiY3JlYXRlIjoyNDAwMDAwMDAwMDAwLCJkZWxldGUiOjI0MDAwMDAwMDAwMDAsInJlYWQiOjI0MDAwMDAwMDAwMDAsInVwZGF0ZSI6MzYwMDAwMDAwMDAwMH0sInNjaGVtYV92ZXJzaW9uIjoiMSJ9",
          "dependencies": [
            "google_compute_network.vpc",
            "google_compute_subnetwork.subnet"
          ]
        }
      ]
    },
    {
      "mode": "managed",
      "type": "google_container_node_pool",
      "name": "primary_nodes",
      "provider": "provider[\"registry.terraform.io/hashicorp/google\"]",
      "instances": [
        {
          "status": "tainted",
          "schema_version": 1,
          "attributes": {
            "autoscaling": [],
            "cluster": "wired-trees-364403-gke",
            "id": "projects/wired-trees-364403/locations/asia-southeast1/clusters/wired-trees-364403-gke/nodePools/wired-trees-364403-gke",
            "initial_node_count": null,
            "instance_group_urls": null,
            "location": "asia-southeast1",
            "managed_instance_group_urls": null,
            "management": null,
            "max_pods_per_node": null,
            "name": "wired-trees-364403-gke",
            "name_prefix": null,
            "node_config": [
              {
                "boot_disk_kms_key": "",
                "disk_size_gb": 0,
                "disk_type": "",
                "gcfs_config": [],
                "guest_accelerator": [],
                "gvnic": [],
                "image_type": "",
                "labels": {
                  "env": "wired-trees-364403"
                },
                "local_ssd_count": 0,
                "machine_type": "n1-standard-1",
                "metadata": {
                  "disable-legacy-endpoints": "true"
                },
                "min_cpu_platform": "",
                "node_group": "",
                "oauth_scopes": [
                  "https://www.googleapis.com/auth/logging.write",
                  "https://www.googleapis.com/auth/monitoring"
                ],
                "preemptible": false,
                "service_account": "",
                "shielded_instance_config": [],
                "spot": false,
                "tags": [
                  "gke-node",
                  "wired-trees-364403-gke"
                ],
                "taint": [],
                "workload_metadata_config": []
              }
            ],
            "node_count": 2,
            "node_locations": [],
            "operation": null,
            "project": null,
            "timeouts": null,
            "upgrade_settings": null,
            "version": null
          },
          "sensitive_attributes": [],
          "private": "eyJlMmJmYjczMC1lY2FhLTExZTYtOGY4OC0zNDM2M2JjN2M0YzAiOnsiY3JlYXRlIjoxODAwMDAwMDAwMDAwLCJkZWxldGUiOjE4MDAwMDAwMDAwMDAsInVwZGF0ZSI6MTgwMDAwMDAwMDAwMH0sInNjaGVtYV92ZXJzaW9uIjoiMSJ9",
          "dependencies": [
            "google_container_cluster.primary"
          ]
        }
      ]
    }
  ],
  "check_results": null
}
