{
  "version": 4,
  "terraform_version": "1.4.5",
  "serial": 54,
  "lineage": "fafbe6d4-af4f-3fb4-85de-21dfc0c04c04",
  "outputs": {},
  "resources": [
    {
      "mode": "managed",
      "type": "google_compute_network",
      "name": "vpc",
      "provider": "provider[\"registry.terraform.io/hashicorp/google\"]",
      "instances": [
        {
          "schema_version": 0,
          "attributes": {
            "auto_create_subnetworks": false,
            "delete_default_routes_on_create": false,
            "description": "",
            "enable_ula_internal_ipv6": false,
            "gateway_ipv4": "",
            "id": "projects/wired-trees-364403/global/networks/ea2-vpc",
            "internal_ipv6_range": "",
            "mtu": 0,
            "name": "ea2-vpc",
            "project": "wired-trees-364403",
            "routing_mode": "REGIONAL",
            "self_link": "https://www.googleapis.com/compute/v1/projects/wired-trees-364403/global/networks/ea2-vpc",
            "timeouts": null
          },
          "sensitive_attributes": [],
          "private": "eyJlMmJmYjczMC1lY2FhLTExZTYtOGY4OC0zNDM2M2JjN2M0YzAiOnsiY3JlYXRlIjoxMjAwMDAwMDAwMDAwLCJkZWxldGUiOjEyMDAwMDAwMDAwMDAsInVwZGF0ZSI6MTIwMDAwMDAwMDAwMH19"
        }
      ]
    },
    {
      "mode": "managed",
      "type": "google_compute_ssl_policy",
      "name": "custom-ssl-policy",
      "provider": "provider[\"registry.terraform.io/hashicorp/google\"]",
      "instances": [
        {
          "schema_version": 0,
          "attributes": {
            "creation_timestamp": "2023-04-19T20:04:28.022-07:00",
            "custom_features": [
              "TLS_ECDHE_ECDSA_WITH_AES_256_GCM_SHA384",
              "TLS_ECDHE_RSA_WITH_AES_256_GCM_SHA384"
            ],
            "description": "",
            "enabled_features": [
              "TLS_ECDHE_ECDSA_WITH_AES_256_GCM_SHA384",
              "TLS_ECDHE_RSA_WITH_AES_256_GCM_SHA384"
            ],
            "fingerprint": "vopdnE_aXgc=",
            "id": "projects/wired-trees-364403/global/sslPolicies/custom-ssl-policy",
            "min_tls_version": "TLS_1_2",
            "name": "custom-ssl-policy",
            "profile": "CUSTOM",
            "project": "wired-trees-364403",
            "self_link": "https://www.googleapis.com/compute/v1/projects/wired-trees-364403/global/sslPolicies/custom-ssl-policy",
            "timeouts": null
          },
          "sensitive_attributes": [],
          "private": "eyJlMmJmYjczMC1lY2FhLTExZTYtOGY4OC0zNDM2M2JjN2M0YzAiOnsiY3JlYXRlIjoxMjAwMDAwMDAwMDAwLCJkZWxldGUiOjEyMDAwMDAwMDAwMDAsInVwZGF0ZSI6MTIwMDAwMDAwMDAwMH19"
        }
      ]
    },
    {
      "mode": "managed",
      "type": "google_compute_ssl_policy",
      "name": "nonprod-ssl-policy",
      "provider": "provider[\"registry.terraform.io/hashicorp/google\"]",
      "instances": [
        {
          "schema_version": 0,
          "attributes": {
            "creation_timestamp": "2023-04-19T20:04:27.103-07:00",
            "custom_features": null,
            "description": "",
            "enabled_features": [
              "TLS_ECDHE_ECDSA_WITH_AES_128_CBC_SHA",
              "TLS_ECDHE_ECDSA_WITH_AES_128_GCM_SHA256",
              "TLS_ECDHE_ECDSA_WITH_AES_256_CBC_SHA",
              "TLS_ECDHE_ECDSA_WITH_AES_256_GCM_SHA384",
              "TLS_ECDHE_ECDSA_WITH_CHACHA20_POLY1305_SHA256",
              "TLS_ECDHE_RSA_WITH_AES_128_CBC_SHA",
              "TLS_ECDHE_RSA_WITH_AES_128_GCM_SHA256",
              "TLS_ECDHE_RSA_WITH_AES_256_CBC_SHA",
              "TLS_ECDHE_RSA_WITH_AES_256_GCM_SHA384",
              "TLS_ECDHE_RSA_WITH_CHACHA20_POLY1305_SHA256"
            ],
            "fingerprint": "C1a273SpEvg=",
            "id": "projects/wired-trees-364403/global/sslPolicies/nonprod-ssl-policy",
            "min_tls_version": "TLS_1_2",
            "name": "nonprod-ssl-policy",
            "profile": "MODERN",
            "project": "wired-trees-364403",
            "self_link": "https://www.googleapis.com/compute/v1/projects/wired-trees-364403/global/sslPolicies/nonprod-ssl-policy",
            "timeouts": null
          },
          "sensitive_attributes": [],
          "private": "eyJlMmJmYjczMC1lY2FhLTExZTYtOGY4OC0zNDM2M2JjN2M0YzAiOnsiY3JlYXRlIjoxMjAwMDAwMDAwMDAwLCJkZWxldGUiOjEyMDAwMDAwMDAwMDAsInVwZGF0ZSI6MTIwMDAwMDAwMDAwMH19"
        }
      ]
    },
    {
      "mode": "managed",
      "type": "google_compute_ssl_policy",
      "name": "prod-ssl-policy",
      "provider": "provider[\"registry.terraform.io/hashicorp/google\"]",
      "instances": [
        {
          "schema_version": 0,
          "attributes": {
            "creation_timestamp": "2023-04-19T20:04:27.989-07:00",
            "custom_features": null,
            "description": "",
            "enabled_features": [
              "TLS_ECDHE_ECDSA_WITH_AES_128_CBC_SHA",
              "TLS_ECDHE_ECDSA_WITH_AES_128_GCM_SHA256",
              "TLS_ECDHE_ECDSA_WITH_AES_256_CBC_SHA",
              "TLS_ECDHE_ECDSA_WITH_AES_256_GCM_SHA384",
              "TLS_ECDHE_ECDSA_WITH_CHACHA20_POLY1305_SHA256",
              "TLS_ECDHE_RSA_WITH_AES_128_CBC_SHA",
              "TLS_ECDHE_RSA_WITH_AES_128_GCM_SHA256",
              "TLS_ECDHE_RSA_WITH_AES_256_CBC_SHA",
              "TLS_ECDHE_RSA_WITH_AES_256_GCM_SHA384",
              "TLS_ECDHE_RSA_WITH_CHACHA20_POLY1305_SHA256"
            ],
            "fingerprint": "u9v_Oi9pzNo=",
            "id": "projects/wired-trees-364403/global/sslPolicies/production-ssl-policy",
            "min_tls_version": "TLS_1_0",
            "name": "production-ssl-policy",
            "profile": "MODERN",
            "project": "wired-trees-364403",
            "self_link": "https://www.googleapis.com/compute/v1/projects/wired-trees-364403/global/sslPolicies/production-ssl-policy",
            "timeouts": null
          },
          "sensitive_attributes": [],
          "private": "eyJlMmJmYjczMC1lY2FhLTExZTYtOGY4OC0zNDM2M2JjN2M0YzAiOnsiY3JlYXRlIjoxMjAwMDAwMDAwMDAwLCJkZWxldGUiOjEyMDAwMDAwMDAwMDAsInVwZGF0ZSI6MTIwMDAwMDAwMDAwMH19"
        }
      ]
    },
    {
      "mode": "managed",
      "type": "google_compute_subnetwork",
      "name": "subnet",
      "provider": "provider[\"registry.terraform.io/hashicorp/google\"]",
      "instances": [
        {
          "schema_version": 0,
          "attributes": {
            "creation_timestamp": "2023-04-19T11:40:41.662-07:00",
            "description": "",
            "external_ipv6_prefix": "",
            "fingerprint": null,
            "gateway_address": "10.10.0.1",
            "id": "projects/wired-trees-364403/regions/asia-east2/subnetworks/ea2-subnet",
            "ip_cidr_range": "10.10.0.0/24",
            "ipv6_access_type": "",
            "ipv6_cidr_range": "",
            "log_config": [],
            "name": "ea2-subnet",
            "network": "https://www.googleapis.com/compute/v1/projects/wired-trees-364403/global/networks/ea2-vpc",
            "private_ip_google_access": true,
            "private_ipv6_google_access": "DISABLE_GOOGLE_ACCESS",
            "project": "wired-trees-364403",
            "purpose": "PRIVATE",
            "region": "asia-east2",
            "role": "",
            "secondary_ip_range": [],
            "self_link": "https://www.googleapis.com/compute/v1/projects/wired-trees-364403/regions/asia-east2/subnetworks/ea2-subnet",
            "stack_type": "IPV4_ONLY",
            "timeouts": null
          },
          "sensitive_attributes": [],
          "private": "eyJlMmJmYjczMC1lY2FhLTExZTYtOGY4OC0zNDM2M2JjN2M0YzAiOnsiY3JlYXRlIjoxMjAwMDAwMDAwMDAwLCJkZWxldGUiOjEyMDAwMDAwMDAwMDAsInVwZGF0ZSI6MTIwMDAwMDAwMDAwMH19",
          "dependencies": [
            "google_compute_network.vpc"
          ]
        }
      ]
    },
    {
      "mode": "managed",
      "type": "google_compute_subnetwork",
      "name": "subnet2",
      "provider": "provider[\"registry.terraform.io/hashicorp/google\"]",
      "instances": [
        {
          "schema_version": 0,
          "attributes": {
            "creation_timestamp": "2023-04-19T11:40:42.234-07:00",
            "description": "",
            "external_ipv6_prefix": "",
            "fingerprint": null,
            "gateway_address": "10.11.0.1",
            "id": "projects/wired-trees-364403/regions/asia-east2/subnetworks/ea2-subnet2",
            "ip_cidr_range": "10.11.0.0/24",
            "ipv6_access_type": "",
            "ipv6_cidr_range": "",
            "log_config": [],
            "name": "ea2-subnet2",
            "network": "https://www.googleapis.com/compute/v1/projects/wired-trees-364403/global/networks/ea2-vpc",
            "private_ip_google_access": true,
            "private_ipv6_google_access": "DISABLE_GOOGLE_ACCESS",
            "project": "wired-trees-364403",
            "purpose": "PRIVATE",
            "region": "asia-east2",
            "role": "",
            "secondary_ip_range": [],
            "self_link": "https://www.googleapis.com/compute/v1/projects/wired-trees-364403/regions/asia-east2/subnetworks/ea2-subnet2",
            "stack_type": "IPV4_ONLY",
            "timeouts": null
          },
          "sensitive_attributes": [],
          "private": "eyJlMmJmYjczMC1lY2FhLTExZTYtOGY4OC0zNDM2M2JjN2M0YzAiOnsiY3JlYXRlIjoxMjAwMDAwMDAwMDAwLCJkZWxldGUiOjEyMDAwMDAwMDAwMDAsInVwZGF0ZSI6MTIwMDAwMDAwMDAwMH19",
          "dependencies": [
            "google_compute_network.vpc"
          ]
        }
      ]
    },
    {
      "mode": "managed",
      "type": "google_container_cluster",
      "name": "primary",
      "provider": "provider[\"registry.terraform.io/hashicorp/google\"]",
      "instances": [
        {
          "schema_version": 1,
          "attributes": {
            "addons_config": [
              {
                "cloudrun_config": [],
                "gcp_filestore_csi_driver_config": [],
                "horizontal_pod_autoscaling": [],
                "http_load_balancing": [],
                "network_policy_config": [
                  {
                    "disabled": true
                  }
                ]
              }
            ],
            "authenticator_groups_config": [],
            "cluster_autoscaling": [
              {
                "auto_provisioning_defaults": [],
                "enabled": false,
                "resource_limits": []
              }
            ],
            "cluster_ipv4_cidr": "10.28.0.0/14",
            "confidential_nodes": [],
            "database_encryption": [
              {
                "key_name": "",
                "state": "DECRYPTED"
              }
            ],
            "datapath_provider": "",
            "default_max_pods_per_node": null,
            "default_snat_status": [
              {
                "disabled": false
              }
            ],
            "description": "",
            "dns_config": [],
            "enable_autopilot": false,
            "enable_binary_authorization": false,
            "enable_intranode_visibility": false,
            "enable_kubernetes_alpha": false,
            "enable_legacy_abac": false,
            "enable_shielded_nodes": true,
            "enable_tpu": false,
            "endpoint": "34.92.43.33",
            "id": "projects/wired-trees-364403/locations/asia-east2/clusters/ea2-gke",
            "initial_node_count": 1,
            "ip_allocation_policy": [],
            "label_fingerprint": "a9dc16a7",
            "location": "asia-east2",
            "logging_config": [
              {
                "enable_components": [
                  "SYSTEM_COMPONENTS",
                  "WORKLOADS"
                ]
              }
            ],
            "logging_service": "logging.googleapis.com/kubernetes",
            "maintenance_policy": [],
            "master_auth": [
              {
                "client_certificate": "",
                "client_certificate_config": [
                  {
                    "issue_client_certificate": false
                  }
                ],
                "client_key": "",
                "cluster_ca_certificate": "LS0tLS1CRUdJTiBDRVJUSUZJQ0FURS0tLS0tCk1JSUVMVENDQXBXZ0F3SUJBZ0lSQU5ET3V3blY1SDZSWUdtYStjVFlsd0l3RFFZSktvWklodmNOQVFFTEJRQXcKTHpFdE1Dc0dBMVVFQXhNa1pEY3pNelV4T0RNdFptSXlOQzAwTWpBMkxXRTVPR0V0TUdJeE9UUXpZemxtT0dVMwpNQ0FYRFRJek1EUXhPVEUzTkRFd05Gb1lEekl3TlRNd05ERXhNVGcwTVRBMFdqQXZNUzB3S3dZRFZRUURFeVJrCk56TXpOVEU0TXkxbVlqSTBMVFF5TURZdFlUazRZUzB3WWpFNU5ETmpPV1k0WlRjd2dnR2lNQTBHQ1NxR1NJYjMKRFFFQkFRVUFBNElCandBd2dnR0tBb0lCZ1FETEM0d3dSYVdIWEw0ejFXczFlVEdlOVRLd1R2STlzTFY0TUlvWgp5dnNXdk9LczkrTU5qWFVEcUlTNDhvcmZKTU1tblBWQ2ZXQWxlRGc0eUNXamIrZlM5K09pWlYvUVllL1d6LzYvCjIzQW5zUGdwMXZxdkVkWjZHRUJUMllaT0dnNWRlSlpsYTBhdCtlR090dDlyQmY1RmFiN21XLzR1cTlBd0Jhd2YKT3JkaXk0Smx2anhyUWlnTDV0MGRpOVQ5NlJtekNObVlWWW5RRVRwdHBVemRxZmEyMWdzRHlnckZPcVJ2aW9ENQpZQ2hpeGR5UGdFOXVHMDhteERFemlHRmIzcWpLelBWNWFtZ3hraDFkRGdrUzEweUV6NjgwVXdVejg1ZVRGOHFLClVQelg2clhtK3JFYi9XSzZ2ZFpJR2c3WStuYzk0ZGhUbkJWeFJpM3haUG5EeXRRSkIyaFdSOE5reXFPM0ZMMGIKei9tQXdMbHE3TnZ6djhIVjFrV0Jxc05jRHZPcUgvU1VJS21DS2hLMytVRmxaY0VVbVYwQmFKN1BOQ2JHdU1KRgpiRXlzRTZrekt5ZHZWdFY3WmhzK0lwSGZsUlludkxTakFVU1J6ZXl4ZmJ6emJ1OEhiVVpybTkyL1czNFBYMkVXCjRzcHBqdWUzS0dmTTNvV0ZGTmhrajhnYnZIY0NBd0VBQWFOQ01FQXdEZ1lEVlIwUEFRSC9CQVFEQWdJRU1BOEcKQTFVZEV3RUIvd1FGTUFNQkFmOHdIUVlEVlIwT0JCWUVGSXV4cm1CdUJWYk1LZjNZa2gvQU5qTFZQSGtFTUEwRwpDU3FHU0liM0RRRUJDd1VBQTRJQmdRQmUyUTNhbVllVE9FZ1hwdHNZbjIxZ0M0a0JSOHhoenVzRkpRYk5WbXNiCkMwNHZZZzNQY1ZvT3FFNFYyNGFWOUtNblE5cUlkdVd5RkZxMGg0UkY4Q1FEZ2xWcHhNbWFNNDNIT3lzQmZoeU8KWTBIdktGeUt0bnh0SWtjQ21UYS8yWHRmV0FUZkE0TEgvMDBtT3RDL0FNSlV4TjJ2MGxDTEtkQjVjUHlYRmxETQpsemVCNlhRdjRtMHVKUW9GcjY0eGNuKzBhbEZsclRIaVdhSzJEUEx5eTV6M1VTd3ZEaW5JRzlHb3VWVG1hYVRZCkt4MGN3OXgrYXF6MldlN2UzQm4yZm9rS3RVSXBCcXd6VTA5KzhnRHNWY1dGcW8xb1RRTHc4N0Q5RkVvZ3I5YkUKazJoeXg1b3B6STE3ODRVbGk4a0Z6d0pOb0djK242aC94VWJlYUkyZ0FTNVdnTG9yWFhEUUpjZDhhWWtDT1FHZApaQ0h1am1zdzZGbnNhQTNSbGdOK1p0dmdVWVppc2FMUGxiaHFhcTBlWUg2Nmg4K1IvUDlPRVlUaktQa0pIcS96CldJUHJPNjVJVHlKdWMwNGMrTHord09ZNm9kR2ZJRHBSdnJadmYxNzJUdzdOZXZkeDJ3MkFxQnRpTHhyOGlvcEUKWllXY0FkaUI5NTlQS3BGRjg1TkJzeGM9Ci0tLS0tRU5EIENFUlRJRklDQVRFLS0tLS0K"
              }
            ],
            "master_authorized_networks_config": [],
            "master_version": "1.24.10-gke.2300",
            "min_master_version": null,
            "monitoring_config": [
              {
                "enable_components": [
                  "SYSTEM_COMPONENTS"
                ]
              }
            ],
            "monitoring_service": "monitoring.googleapis.com/kubernetes",
            "name": "ea2-gke",
            "network": "projects/wired-trees-364403/global/networks/ea2-vpc",
            "network_policy": [
              {
                "enabled": false,
                "provider": "PROVIDER_UNSPECIFIED"
              }
            ],
            "networking_mode": "ROUTES",
            "node_config": [
              {
                "boot_disk_kms_key": "",
                "disk_size_gb": 30,
                "disk_type": "pd-balanced",
                "gcfs_config": [],
                "guest_accelerator": [],
                "gvnic": [],
                "image_type": "COS_CONTAINERD",
                "labels": {
                  "env": "ea2"
                },
                "local_ssd_count": 0,
                "machine_type": "n1-standard-1",
                "metadata": {
                  "disable-legacy-endpoints": "true"
                },
                "min_cpu_platform": "",
                "node_group": "",
                "oauth_scopes": [
                  "https://www.googleapis.com/auth/logging.write",
                  "https://www.googleapis.com/auth/monitoring"
                ],
                "preemptible": false,
                "service_account": "default",
                "shielded_instance_config": [
                  {
                    "enable_integrity_monitoring": true,
                    "enable_secure_boot": false
                  }
                ],
                "spot": false,
                "tags": [
                  "gke-node",
                  "ea2-gke"
                ],
                "taint": [],
                "workload_metadata_config": []
              }
            ],
            "node_locations": [
              "asia-east2-a",
              "asia-east2-b",
              "asia-east2-c"
            ],
            "node_pool": [
              {
                "autoscaling": [],
                "initial_node_count": 2,
                "instance_group_urls": [
                  "https://www.googleapis.com/compute/v1/projects/wired-trees-364403/zones/asia-east2-a/instanceGroupManagers/gke-ea2-gke-ea2-gke-f4bf7c92-grp",
                  "https://www.googleapis.com/compute/v1/projects/wired-trees-364403/zones/asia-east2-c/instanceGroupManagers/gke-ea2-gke-ea2-gke-350b67b8-grp",
                  "https://www.googleapis.com/compute/v1/projects/wired-trees-364403/zones/asia-east2-b/instanceGroupManagers/gke-ea2-gke-ea2-gke-d89102c5-grp"
                ],
                "managed_instance_group_urls": [
                  "https://www.googleapis.com/compute/v1/projects/wired-trees-364403/zones/asia-east2-a/instanceGroups/gke-ea2-gke-ea2-gke-f4bf7c92-grp",
                  "https://www.googleapis.com/compute/v1/projects/wired-trees-364403/zones/asia-east2-c/instanceGroups/gke-ea2-gke-ea2-gke-350b67b8-grp",
                  "https://www.googleapis.com/compute/v1/projects/wired-trees-364403/zones/asia-east2-b/instanceGroups/gke-ea2-gke-ea2-gke-d89102c5-grp"
                ],
                "management": [
                  {
                    "auto_repair": true,
                    "auto_upgrade": true
                  }
                ],
                "max_pods_per_node": 0,
                "name": "ea2-gke",
                "name_prefix": "",
                "node_config": [
                  {
                    "boot_disk_kms_key": "",
                    "disk_size_gb": 30,
                    "disk_type": "pd-balanced",
                    "gcfs_config": [],
                    "guest_accelerator": [],
                    "gvnic": [],
                    "image_type": "COS_CONTAINERD",
                    "labels": {
                      "env": "ea2"
                    },
                    "local_ssd_count": 0,
                    "machine_type": "n1-standard-1",
                    "metadata": {
                      "disable-legacy-endpoints": "true"
                    },
                    "min_cpu_platform": "",
                    "node_group": "",
                    "oauth_scopes": [
                      "https://www.googleapis.com/auth/logging.write",
                      "https://www.googleapis.com/auth/monitoring"
                    ],
                    "preemptible": false,
                    "service_account": "default",
                    "shielded_instance_config": [
                      {
                        "enable_integrity_monitoring": true,
                        "enable_secure_boot": false
                      }
                    ],
                    "spot": false,
                    "tags": [
                      "gke-node",
                      "ea2-gke"
                    ],
                    "taint": [],
                    "workload_metadata_config": []
                  }
                ],
                "node_count": 2,
                "node_locations": [
                  "asia-east2-a",
                  "asia-east2-b",
                  "asia-east2-c"
                ],
                "upgrade_settings": [
                  {
                    "max_surge": 1,
                    "max_unavailable": 0
                  }
                ],
                "version": "1.24.10-gke.2300"
              }
            ],
            "node_version": "1.24.10-gke.2300",
            "operation": null,
            "private_cluster_config": [
              {
                "enable_private_endpoint": false,
                "enable_private_nodes": false,
                "master_global_access_config": [
                  {
                    "enabled": false
                  }
                ],
                "master_ipv4_cidr_block": "",
                "peering_name": "",
                "private_endpoint": "10.10.0.2",
                "public_endpoint": "34.92.43.33"
              }
            ],
            "private_ipv6_google_access": "",
            "project": "wired-trees-364403",
            "release_channel": [
              {
                "channel": "REGULAR"
              }
            ],
            "remove_default_node_pool": true,
            "resource_labels": {},
            "resource_usage_export_config": [],
            "self_link": "https://container.googleapis.com/v1/projects/wired-trees-364403/locations/asia-east2/clusters/ea2-gke",
            "services_ipv4_cidr": "10.31.240.0/20",
            "subnetwork": "projects/wired-trees-364403/regions/asia-east2/subnetworks/ea2-subnet",
            "timeouts": null,
            "tpu_ipv4_cidr_block": "",
            "vertical_pod_autoscaling": [],
            "workload_identity_config": []
          },
          "sensitive_attributes": [],
          "private": "eyJlMmJmYjczMC1lY2FhLTExZTYtOGY4OC0zNDM2M2JjN2M0YzAiOnsiY3JlYXRlIjoyNDAwMDAwMDAwMDAwLCJkZWxldGUiOjI0MDAwMDAwMDAwMDAsInJlYWQiOjI0MDAwMDAwMDAwMDAsInVwZGF0ZSI6MzYwMDAwMDAwMDAwMH0sInNjaGVtYV92ZXJzaW9uIjoiMSJ9",
          "dependencies": [
            "google_compute_network.vpc",
            "google_compute_subnetwork.subnet"
          ]
        }
      ]
    },
    {
      "mode": "managed",
      "type": "google_container_node_pool",
      "name": "primary_nodes",
      "provider": "provider[\"registry.terraform.io/hashicorp/google\"]",
      "instances": [
        {
          "schema_version": 1,
          "attributes": {
            "autoscaling": [],
            "cluster": "ea2-gke",
            "id": "projects/wired-trees-364403/locations/asia-east2/clusters/ea2-gke/nodePools/ea2-gke",
            "initial_node_count": 2,
            "instance_group_urls": [
              "https://www.googleapis.com/compute/v1/projects/wired-trees-364403/zones/asia-east2-a/instanceGroupManagers/gke-ea2-gke-ea2-gke-f4bf7c92-grp",
              "https://www.googleapis.com/compute/v1/projects/wired-trees-364403/zones/asia-east2-c/instanceGroupManagers/gke-ea2-gke-ea2-gke-350b67b8-grp",
              "https://www.googleapis.com/compute/v1/projects/wired-trees-364403/zones/asia-east2-b/instanceGroupManagers/gke-ea2-gke-ea2-gke-d89102c5-grp"
            ],
            "location": "asia-east2",
            "managed_instance_group_urls": [
              "https://www.googleapis.com/compute/v1/projects/wired-trees-364403/zones/asia-east2-a/instanceGroups/gke-ea2-gke-ea2-gke-f4bf7c92-grp",
              "https://www.googleapis.com/compute/v1/projects/wired-trees-364403/zones/asia-east2-c/instanceGroups/gke-ea2-gke-ea2-gke-350b67b8-grp",
              "https://www.googleapis.com/compute/v1/projects/wired-trees-364403/zones/asia-east2-b/instanceGroups/gke-ea2-gke-ea2-gke-d89102c5-grp"
            ],
            "management": [
              {
                "auto_repair": true,
                "auto_upgrade": true
              }
            ],
            "max_pods_per_node": null,
            "name": "ea2-gke",
            "name_prefix": "",
            "node_config": [
              {
                "boot_disk_kms_key": "",
                "disk_size_gb": 30,
                "disk_type": "pd-balanced",
                "gcfs_config": [],
                "guest_accelerator": [],
                "gvnic": [],
                "image_type": "COS_CONTAINERD",
                "labels": {
                  "env": "ea2"
                },
                "local_ssd_count": 0,
                "machine_type": "n1-standard-1",
                "metadata": {
                  "disable-legacy-endpoints": "true"
                },
                "min_cpu_platform": "",
                "node_group": "",
                "oauth_scopes": [
                  "https://www.googleapis.com/auth/logging.write",
                  "https://www.googleapis.com/auth/monitoring"
                ],
                "preemptible": false,
                "service_account": "default",
                "shielded_instance_config": [
                  {
                    "enable_integrity_monitoring": true,
                    "enable_secure_boot": false
                  }
                ],
                "spot": false,
                "tags": [
                  "gke-node",
                  "ea2-gke"
                ],
                "taint": [],
                "workload_metadata_config": []
              }
            ],
            "node_count": 2,
            "node_locations": [
              "asia-east2-a",
              "asia-east2-b",
              "asia-east2-c"
            ],
            "operation": null,
            "project": "wired-trees-364403",
            "timeouts": null,
            "upgrade_settings": [
              {
                "max_surge": 1,
                "max_unavailable": 0
              }
            ],
            "version": "1.24.10-gke.2300"
          },
          "sensitive_attributes": [],
          "private": "eyJlMmJmYjczMC1lY2FhLTExZTYtOGY4OC0zNDM2M2JjN2M0YzAiOnsiY3JlYXRlIjoxODAwMDAwMDAwMDAwLCJkZWxldGUiOjE4MDAwMDAwMDAwMDAsInVwZGF0ZSI6MTgwMDAwMDAwMDAwMH0sInNjaGVtYV92ZXJzaW9uIjoiMSJ9",
          "dependencies": [
            "google_compute_network.vpc",
            "google_compute_subnetwork.subnet",
            "google_container_cluster.primary"
          ]
        }
      ]
    },
    {
      "mode": "managed",
      "type": "google_logging_log_view",
      "name": "logging_log_view",
      "provider": "provider[\"registry.terraform.io/hashicorp/google\"]",
      "instances": [
        {
          "schema_version": 0,
          "attributes": {
            "bucket": "projects/wired-trees-364403/locations/global/buckets/_Default",
            "create_time": "2023-04-19T17:11:00.233397093Z",
            "description": "A logging view",
            "filter": "SOURCE(\"projects/myproject\") AND resource.type = \"gce_instance\" AND LOG_ID(\"stdout\")",
            "id": "projects/wired-trees-364403/locations/global/buckets/_Default/views/view1",
            "location": "global",
            "name": "view1",
            "parent": "projects/wired-trees-364403",
            "timeouts": null,
            "update_time": "2023-04-19T17:11:00.233397093Z"
          },
          "sensitive_attributes": [],
          "private": "eyJlMmJmYjczMC1lY2FhLTExZTYtOGY4OC0zNDM2M2JjN2M0YzAiOnsiY3JlYXRlIjoxMjAwMDAwMDAwMDAwLCJkZWxldGUiOjEyMDAwMDAwMDAwMDAsInVwZGF0ZSI6MTIwMDAwMDAwMDAwMH19",
          "dependencies": [
            "google_logging_project_bucket_config.logging_log_view"
          ]
        }
      ]
    },
    {
      "mode": "managed",
      "type": "google_logging_project_bucket_config",
      "name": "logging_log_view",
      "provider": "provider[\"registry.terraform.io/hashicorp/google\"]",
      "instances": [
        {
          "schema_version": 0,
          "attributes": {
            "bucket_id": "_Default",
            "description": "Default bucket",
            "id": "projects/wired-trees-364403/locations/global/buckets/_Default",
            "lifecycle_state": "ACTIVE",
            "location": "global",
            "name": "projects/wired-trees-364403/locations/global/buckets/_Default",
            "project": "wired-trees-364403",
            "retention_days": 60
          },
          "sensitive_attributes": [],
          "private": "bnVsbA=="
        }
      ]
    }
  ],
  "check_results": null
}
